
Microsoft Visual Studio Solution File, Format Version 12.00
# Visual Studio 2012
Project("{FAE04EC0-301F-11D3-BF4B-00C04F79EFBC}") = "Dashboard", "Dashboard\Dashboard.csproj", "{4999D7F2-441F-4137-9C7D-09AF018D607F}"
EndProject
Project("{FAE04EC0-301F-11D3-BF4B-00C04F79EFBC}") = "AdminPanel", "AdminPanel\AdminPanel.csproj", "{648F451D-8C9F-4039-A9C4-9A8D0D476DAA}"
EndProject
Project("{FAE04EC0-301F-11D3-BF4B-00C04F79EFBC}") = "website", "socialtrade\website.csproj", "{50F26E88-F813-4E4A-9239-435445C584F0}"
EndProject
Global
	GlobalSection(SolutionConfigurationPlatforms) = preSolution
		Debug|Any CPU = Debug|Any CPU
		Release|Any CPU = Release|Any CPU
	EndGlobalSection
	GlobalSection(ProjectConfigurationPlatforms) = postSolution
		{4999D7F2-441F-4137-9C7D-09AF018D607F}.Debug|Any CPU.ActiveCfg = Debug|Any CPU
		{4999D7F2-441F-4137-9C7D-09AF018D607F}.Debug|Any CPU.Build.0 = Debug|Any CPU
		{4999D7F2-441F-4137-9C7D-09AF018D607F}.Release|Any CPU.ActiveCfg = Release|Any CPU
		{4999D7F2-441F-4137-9C7D-09AF018D607F}.Release|Any CPU.Build.0 = Release|Any CPU
		{648F451D-8C9F-4039-A9C4-9A8D0D476DAA}.Debug|Any CPU.ActiveCfg = Debug|Any CPU
		{648F451D-8C9F-4039-A9C4-9A8D0D476DAA}.Debug|Any CPU.Build.0 = Debug|Any CPU
		{648F451D-8C9F-4039-A9C4-9A8D0D476DAA}.Release|Any CPU.ActiveCfg = Release|Any CPU
		{648F451D-8C9F-4039-A9C4-9A8D0D476DAA}.Release|Any CPU.Build.0 = Release|Any CPU
		{50F26E88-F813-4E4A-9239-435445C584F0}.Debug|Any CPU.ActiveCfg = Debug|Any CPU
		{50F26E88-F813-4E4A-9239-435445C584F0}.Debug|Any CPU.Build.0 = Debug|Any CPU
		{50F26E88-F813-4E4A-9239-435445C584F0}.Release|Any CPU.ActiveCfg = Release|Any CPU
		{50F26E88-F813-4E4A-9239-435445C584F0}.Release|Any CPU.Build.0 = Release|Any CPU
	EndGlobalSection
	GlobalSection(SolutionProperties) = preSolution
		HideSolutionNode = FALSE
	EndGlobalSection
EndGlobal
